Microsoft Visual Studio Solution File, Format Version 12.00
# Visual Studio Version 17
VisualStudioVersion = 17.5.2.0
MinimumVisualStudioVersion = 10.0.40219.1
Project("{FAE04EC0-301F-11D3-BF4B-00C04F79EFBC}") = "Csharp-Sdk", "Csharp-Sdk.csproj", "{8733AAC8-E6A9-8ADA-0B38-0F8F42ABFA8F}"
EndProject
Global
	GlobalSection(SolutionConfigurationPlatforms) = preSolution
		Debug|Any CPU = Debug|Any CPU
		Release|Any CPU = Release|Any CPU
	EndGlobalSection
	GlobalSection(ProjectConfigurationPlatforms) = postSolution
		{8733AAC8-E6A9-8ADA-0B38-0F8F42ABFA8F}.Debug|Any CPU.ActiveCfg = Debug|Any CPU
		{8733AAC8-E6A9-8ADA-0B38-0F8F42ABFA8F}.Debug|Any CPU.Build.0 = Debug|Any CPU
		{8733AAC8-E6A9-8ADA-0B38-0F8F42ABFA8F}.Release|Any CPU.ActiveCfg = Release|Any CPU
		{8733AAC8-E6A9-8ADA-0B38-0F8F42ABFA8F}.Release|Any CPU.Build.0 = Release|Any CPU
	EndGlobalSection
	GlobalSection(SolutionProperties) = preSolution
		HideSolutionNode = FALSE
	EndGlobalSection
	GlobalSection(ExtensibilityGlobals) = postSolution
		SolutionGuid = {8E2AEAE3-8B93-4E56-AB5B-3A574E10AE74}
	EndGlobalSection
EndGlobal
